
Microsoft Visual Studio Solution File, Format Version 12.00
# Visual Studio Version 16
VisualStudioVersion = 16.0.30907.101
MinimumVisualStudioVersion = 10.0.40219.1
Project("{FAE04EC0-301F-11D3-BF4B-00C04F79EFBC}") = "MyDictionary", "MyDictionary\MyDictionary.csproj", "{3599AEEE-5D4B-4CDB-BB48-32ED89B2A75D}"
EndProject
Global
	GlobalSection(SolutionConfigurationPlatforms) = preSolution
		Debug|Any CPU = Debug|Any CPU
		Release|Any CPU = Release|Any CPU
	EndGlobalSection
	GlobalSection(ProjectConfigurationPlatforms) = postSolution
		{3599AEEE-5D4B-4CDB-BB48-32ED89B2A75D}.Debug|Any CPU.ActiveCfg = Debug|Any CPU
		{3599AEEE-5D4B-4CDB-BB48-32ED89B2A75D}.Debug|Any CPU.Build.0 = Debug|Any CPU
		{3599AEEE-5D4B-4CDB-BB48-32ED89B2A75D}.Release|Any CPU.ActiveCfg = Release|Any CPU
		{3599AEEE-5D4B-4CDB-BB48-32ED89B2A75D}.Release|Any CPU.Build.0 = Release|Any CPU
	EndGlobalSection
	GlobalSection(SolutionProperties) = preSolution
		HideSolutionNode = FALSE
	EndGlobalSection
	GlobalSection(ExtensibilityGlobals) = postSolution
		SolutionGuid = {804D83AF-5294-44AD-897C-B9C09E284CB9}
	EndGlobalSection
EndGlobal
